
Microsoft Visual Studio Solution File, Format Version 12.00
Project("{FAE04EC0-301F-11D3-BF4B-00C04F79EFBC}") = "PulseWASM", "PulseWASM\PulseWASM.csproj", "{EFE2D6A8-9362-434A-854C-D178909FB6E6}"
EndProject
Global
	GlobalSection(SolutionConfigurationPlatforms) = preSolution
		Debug|Any CPU = Debug|Any CPU
		Release|Any CPU = Release|Any CPU
	EndGlobalSection
	GlobalSection(ProjectConfigurationPlatforms) = postSolution
		{EFE2D6A8-9362-434A-854C-D178909FB6E6}.Debug|Any CPU.ActiveCfg = Debug|Any CPU
		{EFE2D6A8-9362-434A-854C-D178909FB6E6}.Debug|Any CPU.Build.0 = Debug|Any CPU
		{EFE2D6A8-9362-434A-854C-D178909FB6E6}.Release|Any CPU.ActiveCfg = Release|Any CPU
		{EFE2D6A8-9362-434A-854C-D178909FB6E6}.Release|Any CPU.Build.0 = Release|Any CPU
	EndGlobalSection
EndGlobal
